
Microsoft Visual Studio Solution File, Format Version 12.00
# Visual Studio Version 16
VisualStudioVersion = 16.0.29911.84
MinimumVisualStudioVersion = 10.0.40219.1
Project("{FAE04EC0-301F-11D3-BF4B-00C04F79EFBC}") = "KursProj", "KursProj.csproj", "{B56E6D81-117E-44E6-9E67-4611CF8258D1}"
EndProject
Global
	GlobalSection(SolutionConfigurationPlatforms) = preSolution
		Debug|Any CPU = Debug|Any CPU
		Release|Any CPU = Release|Any CPU
	EndGlobalSection
	GlobalSection(ProjectConfigurationPlatforms) = postSolution
		{B56E6D81-117E-44E6-9E67-4611CF8258D1}.Debug|Any CPU.ActiveCfg = Debug|Any CPU
		{B56E6D81-117E-44E6-9E67-4611CF8258D1}.Debug|Any CPU.Build.0 = Debug|Any CPU
		{B56E6D81-117E-44E6-9E67-4611CF8258D1}.Release|Any CPU.ActiveCfg = Release|Any CPU
		{B56E6D81-117E-44E6-9E67-4611CF8258D1}.Release|Any CPU.Build.0 = Release|Any CPU
	EndGlobalSection
	GlobalSection(SolutionProperties) = preSolution
		HideSolutionNode = FALSE
	EndGlobalSection
	GlobalSection(ExtensibilityGlobals) = postSolution
		SolutionGuid = {2825D423-F7AB-434E-8330-348ACA6A8E5D}
	EndGlobalSection
EndGlobal
